
Microsoft Visual Studio Solution File, Format Version 12.00
# Visual Studio 15
Project("{FAE04EC0-301F-11D3-BF4B-00C04F79EFBC}") = "npower-beyond", "npower-beyond\npower-beyond.csproj", "{1CA2771C-FD68-45A8-AAD4-829A2464FEDE}"
EndProject
Project("{FAE04EC0-301F-11D3-BF4B-00C04F79EFBC}") = "npower-conf", "npower-conf\npower-conf.csproj", "{2A0B5DC0-B503-49F2-A5C0-93298EDC77DC}"
EndProject
Global
	GlobalSection(SolutionConfigurationPlatforms) = preSolution
		Debug|Any CPU = Debug|Any CPU
		Release|Any CPU = Release|Any CPU
	EndGlobalSection
	GlobalSection(ProjectConfigurationPlatforms) = postSolution
		{1CA2771C-FD68-45A8-AAD4-829A2464FEDE}.Debug|Any CPU.ActiveCfg = Debug|Any CPU
		{1CA2771C-FD68-45A8-AAD4-829A2464FEDE}.Debug|Any CPU.Build.0 = Debug|Any CPU
		{1CA2771C-FD68-45A8-AAD4-829A2464FEDE}.Release|Any CPU.ActiveCfg = Release|Any CPU
		{1CA2771C-FD68-45A8-AAD4-829A2464FEDE}.Release|Any CPU.Build.0 = Release|Any CPU
		{2A0B5DC0-B503-49F2-A5C0-93298EDC77DC}.Debug|Any CPU.ActiveCfg = Debug|Any CPU
		{2A0B5DC0-B503-49F2-A5C0-93298EDC77DC}.Debug|Any CPU.Build.0 = Debug|Any CPU
		{2A0B5DC0-B503-49F2-A5C0-93298EDC77DC}.Release|Any CPU.ActiveCfg = Release|Any CPU
		{2A0B5DC0-B503-49F2-A5C0-93298EDC77DC}.Release|Any CPU.Build.0 = Release|Any CPU
	EndGlobalSection
EndGlobal
